uuid: a2197b38-bd35-4e0a-8e6e-c9dbedafb39c
langcode: en
status: true
dependencies:
  config:
    - paragraphs.paragraphs_type.oe_list_item_block
  module:
    - content_translation
third_party_settings:
  content_translation:
    enabled: true
    bundle_settings:
      untranslatable_fields_hide: '1'
_core:
  default_config_hash: DDUdd-eM9dlUEYxrJeLHFziEbksM5vJt-G-YXrfvnsw
id: paragraph.oe_list_item_block
target_entity_type_id: paragraph
target_bundle: oe_list_item_block
default_langcode: site_default
language_alterable: true
